
Microsoft Visual Studio Solution File, Format Version 12.00
# Visual Studio Version 16
VisualStudioVersion = 16.0.30523.141
MinimumVisualStudioVersion = 10.0.40219.1
Project("{2150E333-8FDC-42A3-9474-1A3956D46DE8}") = "SQL", "SQL", "{D63933D7-344F-4EA7-BD9A-85ABC5065FA8}"
	ProjectSection(SolutionItems) = preProject
		SQL\create-multiple-postgresql-databases.sh = SQL\create-multiple-postgresql-databases.sh
		SQL\docker-compose.yml = SQL\docker-compose.yml
		SQL\postgres.dockerfile = SQL\postgres.dockerfile
	EndProjectSection
EndProject
Project("{9A19103F-16F7-4668-BE54-9A1E7A4F7556}") = "WebApplication.EFCore", "SQL\WebApplication.EFCore\WebApplication.EFCore.csproj", "{809970C6-F20B-41BD-9840-413AA36E3319}"
EndProject
Project("{2150E333-8FDC-42A3-9474-1A3956D46DE8}") = "MSSQL", "MSSQL", "{7B57C70C-A2F0-49ED-8E5A-867F334D7998}"
	ProjectSection(SolutionItems) = preProject
		MSSQL\docker-compose.yml = MSSQL\docker-compose.yml
	EndProjectSection
EndProject
Project("{2150E333-8FDC-42A3-9474-1A3956D46DE8}") = "Razor", "Razor", "{78ADE4E4-96A8-4456-9EBB-341E9514CF58}"
EndProject
Project("{9A19103F-16F7-4668-BE54-9A1E7A4F7556}") = "RazorWebApplication", "Razor\RazorWebApplication\RazorWebApplication.csproj", "{01C61A50-2F11-449A-8B12-E85F55B291A8}"
EndProject
Project("{2150E333-8FDC-42A3-9474-1A3956D46DE8}") = "SignalR", "SignalR", "{3CC83435-69EA-4DB8-A0BC-A51F9FB358E2}"
EndProject
Project("{9A19103F-16F7-4668-BE54-9A1E7A4F7556}") = "SignalR_Chat", "SignalR\SignalR_Chat\SignalR_Chat.csproj", "{E530D925-EEA0-4367-A884-71884A9C59EC}"
EndProject
Global
	GlobalSection(SolutionConfigurationPlatforms) = preSolution
		Debug|Any CPU = Debug|Any CPU
		Release|Any CPU = Release|Any CPU
	EndGlobalSection
	GlobalSection(ProjectConfigurationPlatforms) = postSolution
		{809970C6-F20B-41BD-9840-413AA36E3319}.Debug|Any CPU.ActiveCfg = Debug|Any CPU
		{809970C6-F20B-41BD-9840-413AA36E3319}.Debug|Any CPU.Build.0 = Debug|Any CPU
		{809970C6-F20B-41BD-9840-413AA36E3319}.Release|Any CPU.ActiveCfg = Release|Any CPU
		{809970C6-F20B-41BD-9840-413AA36E3319}.Release|Any CPU.Build.0 = Release|Any CPU
		{01C61A50-2F11-449A-8B12-E85F55B291A8}.Debug|Any CPU.ActiveCfg = Debug|Any CPU
		{01C61A50-2F11-449A-8B12-E85F55B291A8}.Debug|Any CPU.Build.0 = Debug|Any CPU
		{01C61A50-2F11-449A-8B12-E85F55B291A8}.Release|Any CPU.ActiveCfg = Release|Any CPU
		{01C61A50-2F11-449A-8B12-E85F55B291A8}.Release|Any CPU.Build.0 = Release|Any CPU
		{E530D925-EEA0-4367-A884-71884A9C59EC}.Debug|Any CPU.ActiveCfg = Debug|Any CPU
		{E530D925-EEA0-4367-A884-71884A9C59EC}.Debug|Any CPU.Build.0 = Debug|Any CPU
		{E530D925-EEA0-4367-A884-71884A9C59EC}.Release|Any CPU.ActiveCfg = Release|Any CPU
		{E530D925-EEA0-4367-A884-71884A9C59EC}.Release|Any CPU.Build.0 = Release|Any CPU
	EndGlobalSection
	GlobalSection(SolutionProperties) = preSolution
		HideSolutionNode = FALSE
	EndGlobalSection
	GlobalSection(NestedProjects) = preSolution
		{809970C6-F20B-41BD-9840-413AA36E3319} = {D63933D7-344F-4EA7-BD9A-85ABC5065FA8}
		{01C61A50-2F11-449A-8B12-E85F55B291A8} = {78ADE4E4-96A8-4456-9EBB-341E9514CF58}
		{E530D925-EEA0-4367-A884-71884A9C59EC} = {3CC83435-69EA-4DB8-A0BC-A51F9FB358E2}
	EndGlobalSection
	GlobalSection(ExtensibilityGlobals) = postSolution
		SolutionGuid = {D04775A2-D6FC-401C-BEA4-4CA0A7529633}
	EndGlobalSection
EndGlobal
