
Microsoft Visual Studio Solution File, Format Version 12.00
# Visual Studio Version 16
VisualStudioVersion = 16.0.30523.141
MinimumVisualStudioVersion = 10.0.40219.1
Project("{9A19103F-16F7-4668-BE54-9A1E7A4F7556}") = "MoviesWebApplication", "MoviesWebApplication.csproj", "{B46B0B7F-C1AF-4FE2-AD40-411F2E6BB919}"
EndProject
Project("{E53339B2-1760-4266-BCC7-CA923CBCF16C}") = "docker-compose", "docker-compose.dcproj", "{57266BEB-890E-479D-BD9E-9196F8ACEF38}"
EndProject
Global
	GlobalSection(SolutionConfigurationPlatforms) = preSolution
		Debug|Any CPU = Debug|Any CPU
		Release|Any CPU = Release|Any CPU
	EndGlobalSection
	GlobalSection(ProjectConfigurationPlatforms) = postSolution
		{B46B0B7F-C1AF-4FE2-AD40-411F2E6BB919}.Debug|Any CPU.ActiveCfg = Debug|Any CPU
		{B46B0B7F-C1AF-4FE2-AD40-411F2E6BB919}.Debug|Any CPU.Build.0 = Debug|Any CPU
		{B46B0B7F-C1AF-4FE2-AD40-411F2E6BB919}.Release|Any CPU.ActiveCfg = Release|Any CPU
		{B46B0B7F-C1AF-4FE2-AD40-411F2E6BB919}.Release|Any CPU.Build.0 = Release|Any CPU
		{57266BEB-890E-479D-BD9E-9196F8ACEF38}.Debug|Any CPU.ActiveCfg = Debug|Any CPU
		{57266BEB-890E-479D-BD9E-9196F8ACEF38}.Debug|Any CPU.Build.0 = Debug|Any CPU
		{57266BEB-890E-479D-BD9E-9196F8ACEF38}.Release|Any CPU.ActiveCfg = Release|Any CPU
		{57266BEB-890E-479D-BD9E-9196F8ACEF38}.Release|Any CPU.Build.0 = Release|Any CPU
	EndGlobalSection
	GlobalSection(SolutionProperties) = preSolution
		HideSolutionNode = FALSE
	EndGlobalSection
	GlobalSection(ExtensibilityGlobals) = postSolution
		SolutionGuid = {5C661FAC-589F-4F43-9898-BEA053769C74}
	EndGlobalSection
EndGlobal
